
Microsoft Visual Studio Solution File, Format Version 12.00
# Visual Studio Version 17
VisualStudioVersion = 17.4.33205.214
MinimumVisualStudioVersion = 10.0.40219.1
Project("{9A19103F-16F7-4668-BE54-9A1E7A4F7556}") = "FicheDUE", "FicheDUE\FicheDUE.csproj", "{31FD0A8D-05BD-425C-AA60-98EAB4DDBCD1}"
EndProject
Project("{9A19103F-16F7-4668-BE54-9A1E7A4F7556}") = "FicheUEAuthApi", "..\FicheUEAuthApi\FicheUEApi\FicheUEAuthApi.csproj", "{A772B53C-A3F2-48DE-B3A7-C761F0AEAE15}"
EndProject
Project("{9A19103F-16F7-4668-BE54-9A1E7A4F7556}") = "FicheUEApiGestion", "..\FicheUEApiGestion\FicheUEApiGestion\FicheUEApiGestion.csproj", "{0D195DF7-23C1-44C2-897F-B7858169D77A}"
EndProject
Global
	GlobalSection(SolutionConfigurationPlatforms) = preSolution
		Debug|Any CPU = Debug|Any CPU
		Release|Any CPU = Release|Any CPU
	EndGlobalSection
	GlobalSection(ProjectConfigurationPlatforms) = postSolution
		{31FD0A8D-05BD-425C-AA60-98EAB4DDBCD1}.Debug|Any CPU.ActiveCfg = Debug|Any CPU
		{31FD0A8D-05BD-425C-AA60-98EAB4DDBCD1}.Debug|Any CPU.Build.0 = Debug|Any CPU
		{31FD0A8D-05BD-425C-AA60-98EAB4DDBCD1}.Release|Any CPU.ActiveCfg = Release|Any CPU
		{31FD0A8D-05BD-425C-AA60-98EAB4DDBCD1}.Release|Any CPU.Build.0 = Release|Any CPU
		{A772B53C-A3F2-48DE-B3A7-C761F0AEAE15}.Debug|Any CPU.ActiveCfg = Debug|Any CPU
		{A772B53C-A3F2-48DE-B3A7-C761F0AEAE15}.Debug|Any CPU.Build.0 = Debug|Any CPU
		{A772B53C-A3F2-48DE-B3A7-C761F0AEAE15}.Release|Any CPU.ActiveCfg = Release|Any CPU
		{A772B53C-A3F2-48DE-B3A7-C761F0AEAE15}.Release|Any CPU.Build.0 = Release|Any CPU
		{0D195DF7-23C1-44C2-897F-B7858169D77A}.Debug|Any CPU.ActiveCfg = Debug|Any CPU
		{0D195DF7-23C1-44C2-897F-B7858169D77A}.Debug|Any CPU.Build.0 = Debug|Any CPU
		{0D195DF7-23C1-44C2-897F-B7858169D77A}.Release|Any CPU.ActiveCfg = Release|Any CPU
		{0D195DF7-23C1-44C2-897F-B7858169D77A}.Release|Any CPU.Build.0 = Release|Any CPU
	EndGlobalSection
	GlobalSection(SolutionProperties) = preSolution
		HideSolutionNode = FALSE
	EndGlobalSection
	GlobalSection(ExtensibilityGlobals) = postSolution
		SolutionGuid = {88DAB1AA-0329-4579-801C-2D91935306A0}
	EndGlobalSection
EndGlobal
